
Microsoft Visual Studio Solution File, Format Version 12.00
# Visual Studio Version 17
VisualStudioVersion = 17.0.31903.59
MinimumVisualStudioVersion = 10.0.40219.1
Project("{FAE04EC0-301F-11D3-BF4B-00C04F79EFBC}") = "app", "app\app.csproj", "{7CC94BFA-6043-434F-A6A0-31F64924C49D}"
EndProject
Project("{FAE04EC0-301F-11D3-BF4B-00C04F79EFBC}") = "tests", "tests\tests.csproj", "{08CFF7EE-4564-4E07-BEEA-216AED354707}"
EndProject
Global
	GlobalSection(SolutionConfigurationPlatforms) = preSolution
		Debug|Any CPU = Debug|Any CPU
		Debug|x64 = Debug|x64
		Debug|x86 = Debug|x86
		Release|Any CPU = Release|Any CPU
		Release|x64 = Release|x64
		Release|x86 = Release|x86
	EndGlobalSection
	GlobalSection(ProjectConfigurationPlatforms) = postSolution
		{7CC94BFA-6043-434F-A6A0-31F64924C49D}.Debug|Any CPU.ActiveCfg = Debug|Any CPU
		{7CC94BFA-6043-434F-A6A0-31F64924C49D}.Debug|Any CPU.Build.0 = Debug|Any CPU
		{7CC94BFA-6043-434F-A6A0-31F64924C49D}.Debug|x64.ActiveCfg = Debug|Any CPU
		{7CC94BFA-6043-434F-A6A0-31F64924C49D}.Debug|x64.Build.0 = Debug|Any CPU
		{7CC94BFA-6043-434F-A6A0-31F64924C49D}.Debug|x86.ActiveCfg = Debug|Any CPU
		{7CC94BFA-6043-434F-A6A0-31F64924C49D}.Debug|x86.Build.0 = Debug|Any CPU
		{7CC94BFA-6043-434F-A6A0-31F64924C49D}.Release|Any CPU.ActiveCfg = Release|Any CPU
		{7CC94BFA-6043-434F-A6A0-31F64924C49D}.Release|Any CPU.Build.0 = Release|Any CPU
		{7CC94BFA-6043-434F-A6A0-31F64924C49D}.Release|x64.ActiveCfg = Release|Any CPU
		{7CC94BFA-6043-434F-A6A0-31F64924C49D}.Release|x64.Build.0 = Release|Any CPU
		{7CC94BFA-6043-434F-A6A0-31F64924C49D}.Release|x86.ActiveCfg = Release|Any CPU
		{7CC94BFA-6043-434F-A6A0-31F64924C49D}.Release|x86.Build.0 = Release|Any CPU
		{08CFF7EE-4564-4E07-BEEA-216AED354707}.Debug|Any CPU.ActiveCfg = Debug|Any CPU
		{08CFF7EE-4564-4E07-BEEA-216AED354707}.Debug|Any CPU.Build.0 = Debug|Any CPU
		{08CFF7EE-4564-4E07-BEEA-216AED354707}.Debug|x64.ActiveCfg = Debug|Any CPU
		{08CFF7EE-4564-4E07-BEEA-216AED354707}.Debug|x64.Build.0 = Debug|Any CPU
		{08CFF7EE-4564-4E07-BEEA-216AED354707}.Debug|x86.ActiveCfg = Debug|Any CPU
		{08CFF7EE-4564-4E07-BEEA-216AED354707}.Debug|x86.Build.0 = Debug|Any CPU
		{08CFF7EE-4564-4E07-BEEA-216AED354707}.Release|Any CPU.ActiveCfg = Release|Any CPU
		{08CFF7EE-4564-4E07-BEEA-216AED354707}.Release|Any CPU.Build.0 = Release|Any CPU
		{08CFF7EE-4564-4E07-BEEA-216AED354707}.Release|x64.ActiveCfg = Release|Any CPU
		{08CFF7EE-4564-4E07-BEEA-216AED354707}.Release|x64.Build.0 = Release|Any CPU
		{08CFF7EE-4564-4E07-BEEA-216AED354707}.Release|x86.ActiveCfg = Release|Any CPU
		{08CFF7EE-4564-4E07-BEEA-216AED354707}.Release|x86.Build.0 = Release|Any CPU
	EndGlobalSection
	GlobalSection(SolutionProperties) = preSolution
		HideSolutionNode = FALSE
	EndGlobalSection
EndGlobal
